
Microsoft Visual Studio Solution File, Format Version 12.00
# Visual Studio Version 16
VisualStudioVersion = 16.0.28729.10
MinimumVisualStudioVersion = 10.0.40219.1
Project("{FAE04EC0-301F-11D3-BF4B-00C04F79EFBC}") = "HatcheryProject", "HatcheryProject\HatcheryProject.csproj", "{5A2C00F8-A124-48DA-A0F0-708375ACC410}"
EndProject
Global
	GlobalSection(SolutionConfigurationPlatforms) = preSolution
		Debug|Any CPU = Debug|Any CPU
		Release|Any CPU = Release|Any CPU
	EndGlobalSection
	GlobalSection(ProjectConfigurationPlatforms) = postSolution
		{5A2C00F8-A124-48DA-A0F0-708375ACC410}.Debug|Any CPU.ActiveCfg = Debug|Any CPU
		{5A2C00F8-A124-48DA-A0F0-708375ACC410}.Debug|Any CPU.Build.0 = Debug|Any CPU
		{5A2C00F8-A124-48DA-A0F0-708375ACC410}.Release|Any CPU.ActiveCfg = Release|Any CPU
		{5A2C00F8-A124-48DA-A0F0-708375ACC410}.Release|Any CPU.Build.0 = Release|Any CPU
	EndGlobalSection
	GlobalSection(SolutionProperties) = preSolution
		HideSolutionNode = FALSE
	EndGlobalSection
	GlobalSection(ExtensibilityGlobals) = postSolution
		SolutionGuid = {EE7BD3BF-029A-40E8-AA99-FA6520BF29B0}
	EndGlobalSection
EndGlobal
